
Microsoft Visual Studio Solution File, Format Version 12.00
# Visual Studio 15
VisualStudioVersion = 15.0.28307.168
MinimumVisualStudioVersion = 10.0.40219.1
Project("{8BC9CEB8-8B4A-11D0-8D11-00A0C91BC942}") = "thread_pool", "thread_pool\thread_pool.vcxproj", "{B9FDE9BB-059B-4798-BF93-AD2D072AA613}"
EndProject
Project("{8BC9CEB8-8B4A-11D0-8D11-00A0C91BC942}") = "thread_pool_test", "thread_pool_test\thread_pool_test.vcxproj", "{E4C097A5-B274-4AF6-B26A-5C05828BB66F}"
EndProject
Global
	GlobalSection(SolutionConfigurationPlatforms) = preSolution
		Debug|x64 = Debug|x64
		Debug|x86 = Debug|x86
		Release|x64 = Release|x64
		Release|x86 = Release|x86
	EndGlobalSection
	GlobalSection(ProjectConfigurationPlatforms) = postSolution
		{B9FDE9BB-059B-4798-BF93-AD2D072AA613}.Debug|x64.ActiveCfg = Debug|x64
		{B9FDE9BB-059B-4798-BF93-AD2D072AA613}.Debug|x64.Build.0 = Debug|x64
		{B9FDE9BB-059B-4798-BF93-AD2D072AA613}.Debug|x86.ActiveCfg = Debug|Win32
		{B9FDE9BB-059B-4798-BF93-AD2D072AA613}.Debug|x86.Build.0 = Debug|Win32
		{B9FDE9BB-059B-4798-BF93-AD2D072AA613}.Release|x64.ActiveCfg = Release|x64
		{B9FDE9BB-059B-4798-BF93-AD2D072AA613}.Release|x64.Build.0 = Release|x64
		{B9FDE9BB-059B-4798-BF93-AD2D072AA613}.Release|x86.ActiveCfg = Release|Win32
		{B9FDE9BB-059B-4798-BF93-AD2D072AA613}.Release|x86.Build.0 = Release|Win32
		{E4C097A5-B274-4AF6-B26A-5C05828BB66F}.Debug|x64.ActiveCfg = Debug|x64
		{E4C097A5-B274-4AF6-B26A-5C05828BB66F}.Debug|x64.Build.0 = Debug|x64
		{E4C097A5-B274-4AF6-B26A-5C05828BB66F}.Debug|x86.ActiveCfg = Debug|Win32
		{E4C097A5-B274-4AF6-B26A-5C05828BB66F}.Debug|x86.Build.0 = Debug|Win32
		{E4C097A5-B274-4AF6-B26A-5C05828BB66F}.Release|x64.ActiveCfg = Release|x64
		{E4C097A5-B274-4AF6-B26A-5C05828BB66F}.Release|x64.Build.0 = Release|x64
		{E4C097A5-B274-4AF6-B26A-5C05828BB66F}.Release|x86.ActiveCfg = Release|Win32
		{E4C097A5-B274-4AF6-B26A-5C05828BB66F}.Release|x86.Build.0 = Release|Win32
	EndGlobalSection
	GlobalSection(SolutionProperties) = preSolution
		HideSolutionNode = FALSE
	EndGlobalSection
	GlobalSection(ExtensibilityGlobals) = postSolution
		SolutionGuid = {456E287A-6202-4014-A3B4-BE8EFF5D1A50}
	EndGlobalSection
EndGlobal
